
Microsoft Visual Studio Solution File, Format Version 12.00
# Visual Studio Version 17
VisualStudioVersion = 17.7.34024.191
MinimumVisualStudioVersion = 10.0.40219.1
Project("{FAE04EC0-301F-11D3-BF4B-00C04F79EFBC}") = "Nosacijuma_operatori_4-3", "Nosacijuma_operatori_4-3\Nosacijuma_operatori_4-3.csproj", "{849366C1-5598-4382-8AE9-3D3A171203CC}"
EndProject
Global
	GlobalSection(SolutionConfigurationPlatforms) = preSolution
		Debug|Any CPU = Debug|Any CPU
		Release|Any CPU = Release|Any CPU
	EndGlobalSection
	GlobalSection(ProjectConfigurationPlatforms) = postSolution
		{849366C1-5598-4382-8AE9-3D3A171203CC}.Debug|Any CPU.ActiveCfg = Debug|Any CPU
		{849366C1-5598-4382-8AE9-3D3A171203CC}.Debug|Any CPU.Build.0 = Debug|Any CPU
		{849366C1-5598-4382-8AE9-3D3A171203CC}.Release|Any CPU.ActiveCfg = Release|Any CPU
		{849366C1-5598-4382-8AE9-3D3A171203CC}.Release|Any CPU.Build.0 = Release|Any CPU
	EndGlobalSection
	GlobalSection(SolutionProperties) = preSolution
		HideSolutionNode = FALSE
	EndGlobalSection
	GlobalSection(ExtensibilityGlobals) = postSolution
		SolutionGuid = {FF89C22D-0DBB-45C1-B585-4D9FBC4E4ADC}
	EndGlobalSection
EndGlobal
